// !$*UTF8*$!
{
	archiveVersion = 1;
	classes = {
	};
	objectVersion = 46;
	objects = {

/* Begin PBXBuildFile section */
		9234B5E9203356570085F9F7 /* AppDelegate.swift in Sources */ = {isa = PBXBuildFile; fileRef = 9234B5E8203356570085F9F7 /* AppDelegate.swift */; };
		9234B5EB203356570085F9F7 /* ViewController.swift in Sources */ = {isa = PBXBuildFile; fileRef = 9234B5EA203356570085F9F7 /* ViewController.swift */; };
		9234B5EE203356570085F9F7 /* Main.storyboard in Resources */ = {isa = PBXBuildFile; fileRef = 9234B5EC203356570085F9F7 /* Main.storyboard */; };
		9234B5F0203356570085F9F7 /* Assets.xcassets in Resources */ = {isa = PBXBuildFile; fileRef = 9234B5EF203356570085F9F7 /* Assets.xcassets */; };
		9234B5F3203356570085F9F7 /* LaunchScreen.storyboard in Resources */ = {isa = PBXBuildFile; fileRef = 9234B5F1203356570085F9F7 /* LaunchScreen.storyboard */; };
		9234B5FE203356570085F9F7 /* VobbleTests.swift in Sources */ = {isa = PBXBuildFile; fileRef = 9234B5FD203356570085F9F7 /* VobbleTests.swift */; };
		9234B609203356570085F9F7 /* VobbleUITests.swift in Sources */ = {isa = PBXBuildFile; fileRef = 9234B608203356570085F9F7 /* VobbleUITests.swift */; };
/* End PBXBuildFile section */

/* Begin PBXContainerItemProxy section */
		9234B5FA203356570085F9F7 /* PBXContainerItemProxy */ = {
			isa = PBXContainerItemProxy;
			containerPortal = 9234B5DD203356560085F9F7 /* Project object */;
			proxyType = 1;
			remoteGlobalIDString = 9234B5E4203356560085F9F7;
			remoteInfo = Vobble;
		};
		9234B605203356570085F9F7 /* PBXContainerItemProxy */ = {
			isa = PBXContainerItemProxy;
			containerPortal = 9234B5DD203356560085F9F7 /* Project object */;
			proxyType = 1;
			remoteGlobalIDString = 9234B5E4203356560085F9F7;
			remoteInfo = Vobble;
		};
/* End PBXContainerItemProxy section */

/* Begin PBXFileReference section */
		9234B5E5203356570085F9F7 /* Vobble.app */ = {isa = PBXFileReference; explicitFileType = wrapper.application; includeInIndex = 0; path = Vobble.app; sourceTree = BUILT_PRODUCTS_DIR; };
		9234B5E8203356570085F9F7 /* AppDelegate.swift */ = {isa = PBXFileReference; lastKnownFileType = sourcecode.swift; path = AppDelegate.swift; sourceTree = "<group>"; };
		9234B5EA203356570085F9F7 /* ViewController.swift */ = {isa = PBXFileReference; lastKnownFileType = sourcecode.swift; path = ViewController.swift; sourceTree = "<group>"; };
		9234B5ED203356570085F9F7 /* Base */ = {isa = PBXFileReference; lastKnownFileType = file.storyboard; name = Base; path = Base.lproj/Main.storyboard; sourceTree = "<group>"; };
		9234B5EF203356570085F9F7 /* Assets.xcassets */ = {isa = PBXFileReference; lastKnownFileType = folder.assetcatalog; path = Assets.xcassets; sourceTree = "<group>"; };
		9234B5F2203356570085F9F7 /* Base */ = {isa = PBXFileReference; lastKnownFileType = file.storyboard; name = Base; path = Base.lproj/LaunchScreen.storyboard; sourceTree = "<group>"; };
		9234B5F4203356570085F9F7 /* Info.plist */ = {isa = PBXFileReference; lastKnownFileType = text.plist.xml; path = Info.plist; sourceTree = "<group>"; };
		9234B5F9203356570085F9F7 /* VobbleTests.xctest */ = {isa = PBXFileReference; explicitFileType = wrapper.cfbundle; includeInIndex = 0; path = VobbleTests.xctest; sourceTree = BUILT_PRODUCTS_DIR; };
		9234B5FD203356570085F9F7 /* VobbleTests.swift */ = {isa = PBXFileReference; lastKnownFileType = sourcecode.swift; path = VobbleTests.swift; sourceTree = "<group>"; };
		9234B5FF203356570085F9F7 /* Info.plist */ = {isa = PBXFileReference; lastKnownFileType = text.plist.xml; path = Info.plist; sourceTree = "<group>"; };
		9234B604203356570085F9F7 /* VobbleUITests.xctest */ = {isa = PBXFileReference; explicitFileType = wrapper.cfbundle; includeInIndex = 0; path = VobbleUITests.xctest; sourceTree = BUILT_PRODUCTS_DIR; };
		9234B608203356570085F9F7 /* VobbleUITests.swift */ = {isa = PBXFileReference; lastKnownFileType = sourcecode.swift; path = VobbleUITests.swift; sourceTree = "<group>"; };
		9234B60A203356570085F9F7 /* Info.plist */ = {isa = PBXFileReference; lastKnownFileType = text.plist.xml; path = Info.plist; sourceTree = "<group>"; };
/* End PBXFileReference section */

/* Begin PBXFrameworksBuildPhase section */
		9234B5E2203356560085F9F7 /* Frameworks */ = {
			isa = PBXFrameworksBuildPhase;
			buildActionMask = 2147483647;
			files = (
			);
			runOnlyForDeploymentPostprocessing = 0;
		};
		9234B5F6203356570085F9F7 /* Frameworks */ = {
			isa = PBXFrameworksBuildPhase;
			buildActionMask = 2147483647;
			files = (
			);
			runOnlyForDeploymentPostprocessing = 0;
		};
		9234B601203356570085F9F7 /* Frameworks */ = {
			isa = PBXFrameworksBuildPhase;
			buildActionMask = 2147483647;
			files = (
			);
			runOnlyForDeploymentPostprocessing = 0;
		};
/* End PBXFrameworksBuildPhase section */

/* Begin PBXGroup section */
		9234B5DC203356560085F9F7 = {
			isa = PBXGroup;
			children = (
				9234B5E7203356570085F9F7 /* Vobble */,
				9234B5FC203356570085F9F7 /* VobbleTests */,
				9234B607203356570085F9F7 /* VobbleUITests */,
				9234B5E6203356570085F9F7 /* Products */,
			);
			sourceTree = "<group>";
		};
		9234B5E6203356570085F9F7 /* Products */ = {
			isa = PBXGroup;
			children = (
				9234B5E5203356570085F9F7 /* Vobble.app */,
				9234B5F9203356570085F9F7 /* VobbleTests.xctest */,
				9234B604203356570085F9F7 /* VobbleUITests.xctest */,
			);
			name = Products;
			sourceTree = "<group>";
		};
		9234B5E7203356570085F9F7 /* Vobble */ = {
			isa = PBXGroup;
			children = (
				9234B5E8203356570085F9F7 /* AppDelegate.swift */,
				9234B5EA203356570085F9F7 /* ViewController.swift */,
				9234B5EC203356570085F9F7 /* Main.storyboard */,
				9234B5EF203356570085F9F7 /* Assets.xcassets */,
				9234B5F1203356570085F9F7 /* LaunchScreen.storyboard */,
				9234B5F4203356570085F9F7 /* Info.plist */,
			);
			path = Vobble;
			sourceTree = "<group>";
		};
		9234B5FC203356570085F9F7 /* VobbleTests */ = {
			isa = PBXGroup;
			children = (
				9234B5FD203356570085F9F7 /* VobbleTests.swift */,
				9234B5FF203356570085F9F7 /* Info.plist */,
			);
			path = VobbleTests;
			sourceTree = "<group>";
		};
		9234B607203356570085F9F7 /* VobbleUITests */ = {
			isa = PBXGroup;
			children = (
				9234B608203356570085F9F7 /* VobbleUITests.swift */,
				9234B60A203356570085F9F7 /* Info.plist */,
			);
			path = VobbleUITests;
			sourceTree = "<group>";
		};
/* End PBXGroup section */

/* Begin PBXNativeTarget section */
		9234B5E4203356560085F9F7 /* Vobble */ = {
			isa = PBXNativeTarget;
			buildConfigurationList = 9234B60D203356570085F9F7 /* Build configuration list for PBXNativeTarget "Vobble" */;
			buildPhases = (
				9234B5E1203356560085F9F7 /* Sources */,
				9234B5E2203356560085F9F7 /* Frameworks */,
				9234B5E3203356560085F9F7 /* Resources */,
			);
			buildRules = (
			);
			dependencies = (
			);
			name = Vobble;
			productName = Vobble;
			productReference = 9234B5E5203356570085F9F7 /* Vobble.app */;
			productType = "com.apple.product-type.application";
		};
		9234B5F8203356570085F9F7 /* VobbleTests */ = {
			isa = PBXNativeTarget;
			buildConfigurationList = 9234B610203356570085F9F7 /* Build configuration list for PBXNativeTarget "VobbleTests" */;
			buildPhases = (
				9234B5F5203356570085F9F7 /* Sources */,
				9234B5F6203356570085F9F7 /* Frameworks */,
				9234B5F7203356570085F9F7 /* Resources */,
			);
			buildRules = (
			);
			dependencies = (
				9234B5FB203356570085F9F7 /* PBXTargetDependency */,
			);
			name = VobbleTests;
			productName = VobbleTests;
			productReference = 9234B5F9203356570085F9F7 /* VobbleTests.xctest */;
			productType = "com.apple.product-type.bundle.unit-test";
		};
		9234B603203356570085F9F7 /* VobbleUITests */ = {
			isa = PBXNativeTarget;
			buildConfigurationList = 9234B613203356570085F9F7 /* Build configuration list for PBXNativeTarget "VobbleUITests" */;
			buildPhases = (
				9234B600203356570085F9F7 /* Sources */,
				9234B601203356570085F9F7 /* Frameworks */,
				9234B602203356570085F9F7 /* Resources */,
			);
			buildRules = (
			);
			dependencies = (
				9234B606203356570085F9F7 /* PBXTargetDependency */,
			);
			name = VobbleUITests;
			productName = VobbleUITests;
			productReference = 9234B604203356570085F9F7 /* VobbleUITests.xctest */;
			productType = "com.apple.product-type.bundle.ui-testing";
		};
/* End PBXNativeTarget section */

/* Begin PBXProject section */
		9234B5DD203356560085F9F7 /* Project object */ = {
			isa = PBXProject;
			attributes = {
				LastSwiftUpdateCheck = 0820;
				LastUpgradeCheck = 0820;
				ORGANIZATIONNAME = "Brain-Socket";
				TargetAttributes = {
					9234B5E4203356560085F9F7 = {
						CreatedOnToolsVersion = 8.2.1;
						ProvisioningStyle = Automatic;
					};
					9234B5F8203356570085F9F7 = {
						CreatedOnToolsVersion = 8.2.1;
						ProvisioningStyle = Automatic;
						TestTargetID = 9234B5E4203356560085F9F7;
					};
					9234B603203356570085F9F7 = {
						CreatedOnToolsVersion = 8.2.1;
						ProvisioningStyle = Automatic;
						TestTargetID = 9234B5E4203356560085F9F7;
					};
				};
			};
			buildConfigurationList = 9234B5E0203356560085F9F7 /* Build configuration list for PBXProject "Vobble" */;
			compatibilityVersion = "Xcode 3.2";
			developmentRegion = English;
			hasScannedForEncodings = 0;
			knownRegions = (
				en,
				Base,
			);
			mainGroup = 9234B5DC203356560085F9F7;
			productRefGroup = 9234B5E6203356570085F9F7 /* Products */;
			projectDirPath = "";
			projectRoot = "";
			targets = (
				9234B5E4203356560085F9F7 /* Vobble */,
				9234B5F8203356570085F9F7 /* VobbleTests */,
				9234B603203356570085F9F7 /* VobbleUITests */,
			);
		};
/* End PBXProject section */

/* Begin PBXResourcesBuildPhase section */
		9234B5E3203356560085F9F7 /* Resources */ = {
			isa = PBXResourcesBuildPhase;
			buildActionMask = 2147483647;
			files = (
				9234B5F3203356570085F9F7 /* LaunchScreen.storyboard in Resources */,
				9234B5F0203356570085F9F7 /* Assets.xcassets in Resources */,
				9234B5EE203356570085F9F7 /* Main.storyboard in Resources */,
			);
			runOnlyForDeploymentPostprocessing = 0;
		};
		9234B5F7203356570085F9F7 /* Resources */ = {
			isa = PBXResourcesBuildPhase;
			buildActionMask = 2147483647;
			files = (
			);
			runOnlyForDeploymentPostprocessing = 0;
		};
		9234B602203356570085F9F7 /* Resources */ = {
			isa = PBXResourcesBuildPhase;
			buildActionMask = 2147483647;
			files = (
			);
			runOnlyForDeploymentPostprocessing = 0;
		};
/* End PBXResourcesBuildPhase section */

/* Begin PBXSourcesBuildPhase section */
		9234B5E1203356560085F9F7 /* Sources */ = {
			isa = PBXSourcesBuildPhase;
			buildActionMask = 2147483647;
			files = (
				9234B5EB203356570085F9F7 /* ViewController.swift in Sources */,
				9234B5E9203356570085F9F7 /* AppDelegate.swift in Sources */,
			);
			runOnlyForDeploymentPostprocessing = 0;
		};
		9234B5F5203356570085F9F7 /* Sources */ = {
			isa = PBXSourcesBuildPhase;
			buildActionMask = 2147483647;
			files = (
				9234B5FE203356570085F9F7 /* VobbleTests.swift in Sources */,
			);
			runOnlyForDeploymentPostprocessing = 0;
		};
		9234B600203356570085F9F7 /* Sources */ = {
			isa = PBXSourcesBuildPhase;
			buildActionMask = 2147483647;
			files = (
				9234B609203356570085F9F7 /* VobbleUITests.swift in Sources */,
			);
			runOnlyForDeploymentPostprocessing = 0;
		};
/* End PBXSourcesBuildPhase section */

/* Begin PBXTargetDependency section */
		9234B5FB203356570085F9F7 /* PBXTargetDependency */ = {
			isa = PBXTargetDependency;
			target = 9234B5E4203356560085F9F7 /* Vobble */;
			targetProxy = 9234B5FA203356570085F9F7 /* PBXContainerItemProxy */;
		};
		9234B606203356570085F9F7 /* PBXTargetDependency */ = {
			isa = PBXTargetDependency;
			target = 9234B5E4203356560085F9F7 /* Vobble */;
			targetProxy = 9234B605203356570085F9F7 /* PBXContainerItemProxy */;
		};
/* End PBXTargetDependency section */

/* Begin PBXVariantGroup section */
		9234B5EC203356570085F9F7 /* Main.storyboard */ = {
			isa = PBXVariantGroup;
			children = (
				9234B5ED203356570085F9F7 /* Base */,
			);
			name = Main.storyboard;
			sourceTree = "<group>";
		};
		9234B5F1203356570085F9F7 /* LaunchScreen.storyboard */ = {
			isa = PBXVariantGroup;
			children = (
				9234B5F2203356570085F9F7 /* Base */,
			);
			name = LaunchScreen.storyboard;
			sourceTree = "<group>";
		};
/* End PBXVariantGroup section */

/* Begin XCBuildConfiguration section */
		9234B60B203356570085F9F7 /* Debug */ = {
			isa = XCBuildConfiguration;
			buildSettings = {
				ALWAYS_SEARCH_USER_PATHS = NO;
				CLANG_ANALYZER_NONNULL = YES;
				CLANG_CXX_LANGUAGE_STANDARD = "gnu++0x";
				CLANG_CXX_LIBRARY = "libc++";
				CLANG_ENABLE_MODULES = YES;
				CLANG_ENABLE_OBJC_ARC = YES;
				CLANG_WARN_BOOL_CONVERSION = YES;
				CLANG_WARN_CONSTANT_CONVERSION = YES;
				CLANG_WARN_DIRECT_OBJC_ISA_USAGE = YES_ERROR;
				CLANG_WARN_DOCUMENTATION_COMMENTS = YES;
				CLANG_WARN_EMPTY_BODY = YES;
				CLANG_WARN_ENUM_CONVERSION = YES;
				CLANG_WARN_INFINITE_RECURSION = YES;
				CLANG_WARN_INT_CONVERSION = YES;
				CLANG_WARN_OBJC_ROOT_CLASS = YES_ERROR;
				CLANG_WARN_SUSPICIOUS_MOVE = YES;
				CLANG_WARN_UNREACHABLE_CODE = YES;
				CLANG_WARN__DUPLICATE_METHOD_MATCH = YES;
				"CODE_SIGN_IDENTITY[sdk=iphoneos*]" = "iPhone Developer";
				COPY_PHASE_STRIP = NO;
				DEBUG_INFORMATION_FORMAT = dwarf;
				ENABLE_STRICT_OBJC_MSGSEND = YES;
				ENABLE_TESTABILITY = YES;
				GCC_C_LANGUAGE_STANDARD = gnu99;
				GCC_DYNAMIC_NO_PIC = NO;
				GCC_NO_COMMON_BLOCKS = YES;
				GCC_OPTIMIZATION_LEVEL = 0;
				GCC_PREPROCESSOR_DEFINITIONS = (
					"DEBUG=1",
					"$(inherited)",
				);
				GCC_WARN_64_TO_32_BIT_CONVERSION = YES;
				GCC_WARN_ABOUT_RETURN_TYPE = YES_ERROR;
				GCC_WARN_UNDECLARED_SELECTOR = YES;
				GCC_WARN_UNINITIALIZED_AUTOS = YES_AGGRESSIVE;
				GCC_WARN_UNUSED_FUNCTION = YES;
				GCC_WARN_UNUSED_VARIABLE = YES;
				IPHONEOS_DEPLOYMENT_TARGET = 10.2;
				MTL_ENABLE_DEBUG_INFO = YES;
				ONLY_ACTIVE_ARCH = YES;
				SDKROOT = iphoneos;
				SWIFT_ACTIVE_COMPILATION_CONDITIONS = DEBUG;
				SWIFT_OPTIMIZATION_LEVEL = "-Onone";
				TARGETED_DEVICE_FAMILY = "1,2";
			};
			name = Debug;
		};
		9234B60C203356570085F9F7 /* Release */ = {
			isa = XCBuildConfiguration;
			buildSettings = {
				ALWAYS_SEARCH_USER_PATHS = NO;
				CLANG_ANALYZER_NONNULL = YES;
				CLANG_CXX_LANGUAGE_STANDARD = "gnu++0x";
				CLANG_CXX_LIBRARY = "libc++";
				CLANG_ENABLE_MODULES = YES;
				CLANG_ENABLE_OBJC_ARC = YES;
				CLANG_WARN_BOOL_CONVERSION = YES;
				CLANG_WARN_CONSTANT_CONVERSION = YES;
				CLANG_WARN_DIRECT_OBJC_ISA_USAGE = YES_ERROR;
				CLANG_WARN_DOCUMENTATION_COMMENTS = YES;
				CLANG_WARN_EMPTY_BODY = YES;
				CLANG_WARN_ENUM_CONVERSION = YES;
				CLANG_WARN_INFINITE_RECURSION = YES;
				CLANG_WARN_INT_CONVERSION = YES;
				CLANG_WARN_OBJC_ROOT_CLASS = YES_ERROR;
				CLANG_WARN_SUSPICIOUS_MOVE = YES;
				CLANG_WARN_UNREACHABLE_CODE = YES;
				CLANG_WARN__DUPLICATE_METHOD_MATCH = YES;
				"CODE_SIGN_IDENTITY[sdk=iphoneos*]" = "iPhone Developer";
				COPY_PHASE_STRIP = NO;
				DEBUG_INFORMATION_FORMAT = "dwarf-with-dsym";
				ENABLE_NS_ASSERTIONS = NO;
				ENABLE_STRICT_OBJC_MSGSEND = YES;
				GCC_C_LANGUAGE_STANDARD = gnu99;
				GCC_NO_COMMON_BLOCKS = YES;
				GCC_WARN_64_TO_32_BIT_CONVERSION = YES;
				GCC_WARN_ABOUT_RETURN_TYPE = YES_ERROR;
				GCC_WARN_UNDECLARED_SELECTOR = YES;
				GCC_WARN_UNINITIALIZED_AUTOS = YES_AGGRESSIVE;
				GCC_WARN_UNUSED_FUNCTION = YES;
				GCC_WARN_UNUSED_VARIABLE = YES;
				IPHONEOS_DEPLOYMENT_TARGET = 10.2;
				MTL_ENABLE_DEBUG_INFO = NO;
				SDKROOT = iphoneos;
				SWIFT_OPTIMIZATION_LEVEL = "-Owholemodule";
				TARGETED_DEVICE_FAMILY = "1,2";
				VALIDATE_PRODUCT = YES;
			};
			name = Release;
		};
		9234B60E203356570085F9F7 /* Debug */ = {
			isa = XCBuildConfiguration;
			buildSettings = {
				ASSETCATALOG_COMPILER_APPICON_NAME = AppIcon;
				INFOPLIST_FILE = Vobble/Info.plist;
				LD_RUNPATH_SEARCH_PATHS = "$(inherited) @executable_path/Frameworks";
				PRODUCT_BUNDLE_IDENTIFIER = "www.brain-socket.com.Vobble";
				PRODUCT_NAME = "$(TARGET_NAME)";
				SWIFT_VERSION = 3.0;
			};
			name = Debug;
		};
		9234B60F203356570085F9F7 /* Release */ = {
			isa = XCBuildConfiguration;
			buildSettings = {
				ASSETCATALOG_COMPILER_APPICON_NAME = AppIcon;
				INFOPLIST_FILE = Vobble/Info.plist;
				LD_RUNPATH_SEARCH_PATHS = "$(inherited) @executable_path/Frameworks";
				PRODUCT_BUNDLE_IDENTIFIER = "www.brain-socket.com.Vobble";
				PRODUCT_NAME = "$(TARGET_NAME)";
				SWIFT_VERSION = 3.0;
			};
			name = Release;
		};
		9234B611203356570085F9F7 /* Debug */ = {
			isa = XCBuildConfiguration;
			buildSettings = {
				ALWAYS_EMBED_SWIFT_STANDARD_LIBRARIES = YES;
				BUNDLE_LOADER = "$(TEST_HOST)";
				INFOPLIST_FILE = VobbleTests/Info.plist;
				LD_RUNPATH_SEARCH_PATHS = "$(inherited) @executable_path/Frameworks @loader_path/Frameworks";
				PRODUCT_BUNDLE_IDENTIFIER = "www.brain-socket.com.VobbleTests";
				PRODUCT_NAME = "$(TARGET_NAME)";
				SWIFT_VERSION = 3.0;
				TEST_HOST = "$(BUILT_PRODUCTS_DIR)/Vobble.app/Vobble";
			};
			name = Debug;
		};
		9234B612203356570085F9F7 /* Release */ = {
			isa = XCBuildConfiguration;
			buildSettings = {
				ALWAYS_EMBED_SWIFT_STANDARD_LIBRARIES = YES;
				BUNDLE_LOADER = "$(TEST_HOST)";
				INFOPLIST_FILE = VobbleTests/Info.plist;
				LD_RUNPATH_SEARCH_PATHS = "$(inherited) @executable_path/Frameworks @loader_path/Frameworks";
				PRODUCT_BUNDLE_IDENTIFIER = "www.brain-socket.com.VobbleTests";
				PRODUCT_NAME = "$(TARGET_NAME)";
				SWIFT_VERSION = 3.0;
				TEST_HOST = "$(BUILT_PRODUCTS_DIR)/Vobble.app/Vobble";
			};
			name = Release;
		};
		9234B614203356570085F9F7 /* Debug */ = {
			isa = XCBuildConfiguration;
			buildSettings = {
				ALWAYS_EMBED_SWIFT_STANDARD_LIBRARIES = YES;
				INFOPLIST_FILE = VobbleUITests/Info.plist;
				LD_RUNPATH_SEARCH_PATHS = "$(inherited) @executable_path/Frameworks @loader_path/Frameworks";
				PRODUCT_BUNDLE_IDENTIFIER = "www.brain-socket.com.VobbleUITests";
				PRODUCT_NAME = "$(TARGET_NAME)";
				SWIFT_VERSION = 3.0;
				TEST_TARGET_NAME = Vobble;
			};
			name = Debug;
		};
		9234B615203356570085F9F7 /* Release */ = {
			isa = XCBuildConfiguration;
			buildSettings = {
				ALWAYS_EMBED_SWIFT_STANDARD_LIBRARIES = YES;
				INFOPLIST_FILE = VobbleUITests/Info.plist;
				LD_RUNPATH_SEARCH_PATHS = "$(inherited) @executable_path/Frameworks @loader_path/Frameworks";
				PRODUCT_BUNDLE_IDENTIFIER = "www.brain-socket.com.VobbleUITests";
				PRODUCT_NAME = "$(TARGET_NAME)";
				SWIFT_VERSION = 3.0;
				TEST_TARGET_NAME = Vobble;
			};
			name = Release;
		};
/* End XCBuildConfiguration section */

/* Begin XCConfigurationList section */
		9234B5E0203356560085F9F7 /* Build configuration list for PBXProject "Vobble" */ = {
			isa = XCConfigurationList;
			buildConfigurations = (
				9234B60B203356570085F9F7 /* Debug */,
				9234B60C203356570085F9F7 /* Release */,
			);
			defaultConfigurationIsVisible = 0;
			defaultConfigurationName = Release;
		};
		9234B60D203356570085F9F7 /* Build configuration list for PBXNativeTarget "Vobble" */ = {
			isa = XCConfigurationList;
			buildConfigurations = (
				9234B60E203356570085F9F7 /* Debug */,
				9234B60F203356570085F9F7 /* Release */,
			);
			defaultConfigurationIsVisible = 0;
		};
		9234B610203356570085F9F7 /* Build configuration list for PBXNativeTarget "VobbleTests" */ = {
			isa = XCConfigurationList;
			buildConfigurations = (
				9234B611203356570085F9F7 /* Debug */,
				9234B612203356570085F9F7 /* Release */,
			);
			defaultConfigurationIsVisible = 0;
		};
		9234B613203356570085F9F7 /* Build configuration list for PBXNativeTarget "VobbleUITests" */ = {
			isa = XCConfigurationList;
			buildConfigurations = (
				9234B614203356570085F9F7 /* Debug */,
				9234B615203356570085F9F7 /* Release */,
			);
			defaultConfigurationIsVisible = 0;
		};
/* End XCConfigurationList section */
	};
	rootObject = 9234B5DD203356560085F9F7 /* Project object */;
}
